// !$*UTF8*$!
{
	archiveVersion = 1;
	classes = {
	};
	objectVersion = 46;
	objects = {

/* Begin PBXBuildFile section */
		29BC884C3DEB0E3DC2271A4E /* Pods_twitterLBTA.framework in Frameworks */ = {isa = PBXBuildFile; fileRef = A7D628A0F51BEBABAA696843 /* Pods_twitterLBTA.framework */; };
		4F0E2E041E2DC0ED0053220B /* UserCell.swift in Sources */ = {isa = PBXBuildFile; fileRef = 4F0E2E031E2DC0ED0053220B /* UserCell.swift */; };
		4F501E3C1E2C22E40068892F /* HomeDataSourceController.swift in Sources */ = {isa = PBXBuildFile; fileRef = 4F501E3B1E2C22E40068892F /* HomeDataSourceController.swift */; };
		4F68E3A71E2C355300BC2F6A /* Cells.swift in Sources */ = {isa = PBXBuildFile; fileRef = 4F68E3A61E2C355300BC2F6A /* Cells.swift */; };
		4F68E3A91E2C356D00BC2F6A /* HomeDatasource.swift in Sources */ = {isa = PBXBuildFile; fileRef = 4F68E3A81E2C356D00BC2F6A /* HomeDatasource.swift */; };
		4F82A5B51E2D643700C6C95A /* SF-UI-Display-Thin.otf in Resources */ = {isa = PBXBuildFile; fileRef = 4F5AE0BD1E2D4BE800FDAB18 /* SF-UI-Display-Thin.otf */; };
		4F82A5B61E2D643B00C6C95A /* SF-UI-Display-Regular.otf in Resources */ = {isa = PBXBuildFile; fileRef = 4F5AE0BC1E2D4BB700FDAB18 /* SF-UI-Display-Regular.otf */; };
		4F82A5B71E2D643E00C6C95A /* ProximaNova-Light.otf in Resources */ = {isa = PBXBuildFile; fileRef = 4F5AE0BE1E2D504A00FDAB18 /* ProximaNova-Light.otf */; };
		4F82A5B81E2D644100C6C95A /* FreightSans Bold.ttf in Resources */ = {isa = PBXBuildFile; fileRef = 4F5AE0BF1E2D513B00FDAB18 /* FreightSans Bold.ttf */; };
		4FABA2551E2DAF87009926B2 /* User.swift in Sources */ = {isa = PBXBuildFile; fileRef = 4FABA2541E2DAF87009926B2 /* User.swift */; };
		4FFCB93C1E2BE0D8002FC357 /* AppDelegate.swift in Sources */ = {isa = PBXBuildFile; fileRef = 4FFCB93B1E2BE0D8002FC357 /* AppDelegate.swift */; };
		4FFCB9431E2BE0D8002FC357 /* Assets.xcassets in Resources */ = {isa = PBXBuildFile; fileRef = 4FFCB9421E2BE0D8002FC357 /* Assets.xcassets */; };
		4FFCB9461E2BE0D8002FC357 /* LaunchScreen.storyboard in Resources */ = {isa = PBXBuildFile; fileRef = 4FFCB9441E2BE0D8002FC357 /* LaunchScreen.storyboard */; };
		4FFCB94E1E2BEC8E002FC357 /* HomeController.swift in Sources */ = {isa = PBXBuildFile; fileRef = 4FFCB94D1E2BEC8E002FC357 /* HomeController.swift */; };
/* End PBXBuildFile section */

/* Begin PBXFileReference section */
		0A76351E25A7F0D0C6345D7B /* Pods-twitterLBTA.release.xcconfig */ = {isa = PBXFileReference; includeInIndex = 1; lastKnownFileType = text.xcconfig; name = "Pods-twitterLBTA.release.xcconfig"; path = "Pods/Target Support Files/Pods-twitterLBTA/Pods-twitterLBTA.release.xcconfig"; sourceTree = "<group>"; };
		4349317E4EF233BD7FF0299C /* Pods-twitterLBTA.debug.xcconfig */ = {isa = PBXFileReference; includeInIndex = 1; lastKnownFileType = text.xcconfig; name = "Pods-twitterLBTA.debug.xcconfig"; path = "Pods/Target Support Files/Pods-twitterLBTA/Pods-twitterLBTA.debug.xcconfig"; sourceTree = "<group>"; };
		4F0E2E031E2DC0ED0053220B /* UserCell.swift */ = {isa = PBXFileReference; fileEncoding = 4; lastKnownFileType = sourcecode.swift; path = UserCell.swift; sourceTree = "<group>"; };
		4F501E3B1E2C22E40068892F /* HomeDataSourceController.swift */ = {isa = PBXFileReference; fileEncoding = 4; lastKnownFileType = sourcecode.swift; path = HomeDataSourceController.swift; sourceTree = "<group>"; };
		4F5AE0BC1E2D4BB700FDAB18 /* SF-UI-Display-Regular.otf */ = {isa = PBXFileReference; lastKnownFileType = file; path = "SF-UI-Display-Regular.otf"; sourceTree = "<group>"; };
		4F5AE0BD1E2D4BE800FDAB18 /* SF-UI-Display-Thin.otf */ = {isa = PBXFileReference; lastKnownFileType = file; path = "SF-UI-Display-Thin.otf"; sourceTree = "<group>"; };
		4F5AE0BE1E2D504A00FDAB18 /* ProximaNova-Light.otf */ = {isa = PBXFileReference; lastKnownFileType = file; path = "ProximaNova-Light.otf"; sourceTree = "<group>"; };
		4F5AE0BF1E2D513B00FDAB18 /* FreightSans Bold.ttf */ = {isa = PBXFileReference; lastKnownFileType = file; path = "FreightSans Bold.ttf"; sourceTree = "<group>"; };
		4F68E3A61E2C355300BC2F6A /* Cells.swift */ = {isa = PBXFileReference; fileEncoding = 4; lastKnownFileType = sourcecode.swift; path = Cells.swift; sourceTree = "<group>"; };
		4F68E3A81E2C356D00BC2F6A /* HomeDatasource.swift */ = {isa = PBXFileReference; fileEncoding = 4; lastKnownFileType = sourcecode.swift; path = HomeDatasource.swift; sourceTree = "<group>"; };
		4FABA2541E2DAF87009926B2 /* User.swift */ = {isa = PBXFileReference; fileEncoding = 4; lastKnownFileType = sourcecode.swift; path = User.swift; sourceTree = "<group>"; };
		4FFCB9381E2BE0D8002FC357 /* twitterLBTA.app */ = {isa = PBXFileReference; explicitFileType = wrapper.application; includeInIndex = 0; path = twitterLBTA.app; sourceTree = BUILT_PRODUCTS_DIR; };
		4FFCB93B1E2BE0D8002FC357 /* AppDelegate.swift */ = {isa = PBXFileReference; lastKnownFileType = sourcecode.swift; path = AppDelegate.swift; sourceTree = "<group>"; };
		4FFCB9421E2BE0D8002FC357 /* Assets.xcassets */ = {isa = PBXFileReference; lastKnownFileType = folder.assetcatalog; path = Assets.xcassets; sourceTree = "<group>"; };
		4FFCB9451E2BE0D8002FC357 /* Base */ = {isa = PBXFileReference; lastKnownFileType = file.storyboard; name = Base; path = Base.lproj/LaunchScreen.storyboard; sourceTree = "<group>"; };
		4FFCB9471E2BE0D8002FC357 /* Info.plist */ = {isa = PBXFileReference; lastKnownFileType = text.plist.xml; path = Info.plist; sourceTree = "<group>"; };
		4FFCB94D1E2BEC8E002FC357 /* HomeController.swift */ = {isa = PBXFileReference; fileEncoding = 4; lastKnownFileType = sourcecode.swift; path = HomeController.swift; sourceTree = "<group>"; };
		A7D628A0F51BEBABAA696843 /* Pods_twitterLBTA.framework */ = {isa = PBXFileReference; explicitFileType = wrapper.framework; includeInIndex = 0; path = Pods_twitterLBTA.framework; sourceTree = BUILT_PRODUCTS_DIR; };
/* End PBXFileReference section */

/* Begin PBXFrameworksBuildPhase section */
		4FFCB9351E2BE0D8002FC357 /* Frameworks */ = {
			isa = PBXFrameworksBuildPhase;
			buildActionMask = 2147483647;
			files = (
				29BC884C3DEB0E3DC2271A4E /* Pods_twitterLBTA.framework in Frameworks */,
			);
			runOnlyForDeploymentPostprocessing = 0;
		};
/* End PBXFrameworksBuildPhase section */

/* Begin PBXGroup section */
		4F5AE0BB1E2D4A9800FDAB18 /* Resources */ = {
			isa = PBXGroup;
			children = (
				4F5AE0BD1E2D4BE800FDAB18 /* SF-UI-Display-Thin.otf */,
				4F5AE0BC1E2D4BB700FDAB18 /* SF-UI-Display-Regular.otf */,
				4F5AE0BE1E2D504A00FDAB18 /* ProximaNova-Light.otf */,
				4F5AE0BF1E2D513B00FDAB18 /* FreightSans Bold.ttf */,
			);
			name = Resources;
			sourceTree = "<group>";
		};
		4F68E3A31E2C343200BC2F6A /* Controller */ = {
			isa = PBXGroup;
			children = (
				4F501E3B1E2C22E40068892F /* HomeDataSourceController.swift */,
			);
			name = Controller;
			sourceTree = "<group>";
		};
		4F68E3A41E2C344000BC2F6A /* Model */ = {
			isa = PBXGroup;
			children = (
				4FABA2541E2DAF87009926B2 /* User.swift */,
				4F68E3A81E2C356D00BC2F6A /* HomeDatasource.swift */,
			);
			name = Model;
			sourceTree = "<group>";
		};
		4F68E3A51E2C344900BC2F6A /* View */ = {
			isa = PBXGroup;
			children = (
				4F68E3A61E2C355300BC2F6A /* Cells.swift */,
				4F0E2E031E2DC0ED0053220B /* UserCell.swift */,
			);
			name = View;
			sourceTree = "<group>";
		};
		4FFCB92F1E2BE0D8002FC357 = {
			isa = PBXGroup;
			children = (
				4FFCB93A1E2BE0D8002FC357 /* twitterLBTA */,
				4FFCB9391E2BE0D8002FC357 /* Products */,
				90FB94D4100011E82163C0F3 /* Pods */,
				C9B97D62A5D1E4C53939B9BF /* Frameworks */,
			);
			sourceTree = "<group>";
		};
		4FFCB9391E2BE0D8002FC357 /* Products */ = {
			isa = PBXGroup;
			children = (
				4FFCB9381E2BE0D8002FC357 /* twitterLBTA.app */,
			);
			name = Products;
			sourceTree = "<group>";
		};
		4FFCB93A1E2BE0D8002FC357 /* twitterLBTA */ = {
			isa = PBXGroup;
			children = (
				4F5AE0BB1E2D4A9800FDAB18 /* Resources */,
				4F68E3A51E2C344900BC2F6A /* View */,
				4F68E3A41E2C344000BC2F6A /* Model */,
				4F68E3A31E2C343200BC2F6A /* Controller */,
				4FFCB93B1E2BE0D8002FC357 /* AppDelegate.swift */,
				4FFCB94D1E2BEC8E002FC357 /* HomeController.swift */,
				4FFCB9421E2BE0D8002FC357 /* Assets.xcassets */,
				4FFCB9441E2BE0D8002FC357 /* LaunchScreen.storyboard */,
				4FFCB9471E2BE0D8002FC357 /* Info.plist */,
			);
			path = twitterLBTA;
			sourceTree = "<group>";
		};
		90FB94D4100011E82163C0F3 /* Pods */ = {
			isa = PBXGroup;
			children = (
				4349317E4EF233BD7FF0299C /* Pods-twitterLBTA.debug.xcconfig */,
				0A76351E25A7F0D0C6345D7B /* Pods-twitterLBTA.release.xcconfig */,
			);
			name = Pods;
			sourceTree = "<group>";
		};
		C9B97D62A5D1E4C53939B9BF /* Frameworks */ = {
			isa = PBXGroup;
			children = (
				A7D628A0F51BEBABAA696843 /* Pods_twitterLBTA.framework */,
			);
			name = Frameworks;
			sourceTree = "<group>";
		};
/* End PBXGroup section */

/* Begin PBXNativeTarget section */
		4FFCB9371E2BE0D8002FC357 /* twitterLBTA */ = {
			isa = PBXNativeTarget;
			buildConfigurationList = 4FFCB94A1E2BE0D8002FC357 /* Build configuration list for PBXNativeTarget "twitterLBTA" */;
			buildPhases = (
				E78873AE600457015CA5ABCA /* [CP] Check Pods Manifest.lock */,
				4FFCB9341E2BE0D8002FC357 /* Sources */,
				4FFCB9351E2BE0D8002FC357 /* Frameworks */,
				4FFCB9361E2BE0D8002FC357 /* Resources */,
				E25F5B2146FD0BE068C0ED22 /* [CP] Embed Pods Frameworks */,
				D2DD0C9B2DCEC1110E52D2D4 /* [CP] Copy Pods Resources */,
			);
			buildRules = (
			);
			dependencies = (
			);
			name = twitterLBTA;
			productName = twitterLBTA;
			productReference = 4FFCB9381E2BE0D8002FC357 /* twitterLBTA.app */;
			productType = "com.apple.product-type.application";
		};
/* End PBXNativeTarget section */

/* Begin PBXProject section */
		4FFCB9301E2BE0D8002FC357 /* Project object */ = {
			isa = PBXProject;
			attributes = {
				LastSwiftUpdateCheck = 0820;
				LastUpgradeCheck = 0820;
				ORGANIZATIONNAME = RadiuSense;
				TargetAttributes = {
					4FFCB9371E2BE0D8002FC357 = {
						CreatedOnToolsVersion = 8.2;
						DevelopmentTeam = Y4YLH4W88M;
						ProvisioningStyle = Automatic;
					};
				};
			};
			buildConfigurationList = 4FFCB9331E2BE0D8002FC357 /* Build configuration list for PBXProject "twitterLBTA" */;
			compatibilityVersion = "Xcode 3.2";
			developmentRegion = English;
			hasScannedForEncodings = 0;
			knownRegions = (
				en,
				Base,
			);
			mainGroup = 4FFCB92F1E2BE0D8002FC357;
			productRefGroup = 4FFCB9391E2BE0D8002FC357 /* Products */;
			projectDirPath = "";
			projectRoot = "";
			targets = (
				4FFCB9371E2BE0D8002FC357 /* twitterLBTA */,
			);
		};
/* End PBXProject section */

/* Begin PBXResourcesBuildPhase section */
		4FFCB9361E2BE0D8002FC357 /* Resources */ = {
			isa = PBXResourcesBuildPhase;
			buildActionMask = 2147483647;
			files = (
				4F82A5B71E2D643E00C6C95A /* ProximaNova-Light.otf in Resources */,
				4FFCB9461E2BE0D8002FC357 /* LaunchScreen.storyboard in Resources */,
				4F82A5B51E2D643700C6C95A /* SF-UI-Display-Thin.otf in Resources */,
				4F82A5B61E2D643B00C6C95A /* SF-UI-Display-Regular.otf in Resources */,
				4FFCB9431E2BE0D8002FC357 /* Assets.xcassets in Resources */,
				4F82A5B81E2D644100C6C95A /* FreightSans Bold.ttf in Resources */,
			);
			runOnlyForDeploymentPostprocessing = 0;
		};
/* End PBXResourcesBuildPhase section */

/* Begin PBXShellScriptBuildPhase section */
		D2DD0C9B2DCEC1110E52D2D4 /* [CP] Copy Pods Resources */ = {
			isa = PBXShellScriptBuildPhase;
			buildActionMask = 2147483647;
			files = (
			);
			inputPaths = (
			);
			name = "[CP] Copy Pods Resources";
			outputPaths = (
			);
			runOnlyForDeploymentPostprocessing = 0;
			shellPath = /bin/sh;
			shellScript = "\"${SRCROOT}/Pods/Target Support Files/Pods-twitterLBTA/Pods-twitterLBTA-resources.sh\"\n";
			showEnvVarsInLog = 0;
		};
		E25F5B2146FD0BE068C0ED22 /* [CP] Embed Pods Frameworks */ = {
			isa = PBXShellScriptBuildPhase;
			buildActionMask = 2147483647;
			files = (
			);
			inputPaths = (
			);
			name = "[CP] Embed Pods Frameworks";
			outputPaths = (
			);
			runOnlyForDeploymentPostprocessing = 0;
			shellPath = /bin/sh;
			shellScript = "\"${SRCROOT}/Pods/Target Support Files/Pods-twitterLBTA/Pods-twitterLBTA-frameworks.sh\"\n";
			showEnvVarsInLog = 0;
		};
		E78873AE600457015CA5ABCA /* [CP] Check Pods Manifest.lock */ = {
			isa = PBXShellScriptBuildPhase;
			buildActionMask = 2147483647;
			files = (
			);
			inputPaths = (
			);
			name = "[CP] Check Pods Manifest.lock";
			outputPaths = (
			);
			runOnlyForDeploymentPostprocessing = 0;
			shellPath = /bin/sh;
			shellScript = "diff \"${PODS_ROOT}/../Podfile.lock\" \"${PODS_ROOT}/Manifest.lock\" > /dev/null\nif [ $? != 0 ] ; then\n    # print error to STDERR\n    echo \"error: The sandbox is not in sync with the Podfile.lock. Run 'pod install' or update your CocoaPods installation.\" >&2\n    exit 1\nfi\n";
			showEnvVarsInLog = 0;
		};
/* End PBXShellScriptBuildPhase section */

/* Begin PBXSourcesBuildPhase section */
		4FFCB9341E2BE0D8002FC357 /* Sources */ = {
			isa = PBXSourcesBuildPhase;
			buildActionMask = 2147483647;
			files = (
				4F68E3A91E2C356D00BC2F6A /* HomeDatasource.swift in Sources */,
				4F501E3C1E2C22E40068892F /* HomeDataSourceController.swift in Sources */,
				4FABA2551E2DAF87009926B2 /* User.swift in Sources */,
				4F68E3A71E2C355300BC2F6A /* Cells.swift in Sources */,
				4FFCB93C1E2BE0D8002FC357 /* AppDelegate.swift in Sources */,
				4FFCB94E1E2BEC8E002FC357 /* HomeController.swift in Sources */,
				4F0E2E041E2DC0ED0053220B /* UserCell.swift in Sources */,
			);
			runOnlyForDeploymentPostprocessing = 0;
		};
/* End PBXSourcesBuildPhase section */

/* Begin PBXVariantGroup section */
		4FFCB9441E2BE0D8002FC357 /* LaunchScreen.storyboard */ = {
			isa = PBXVariantGroup;
			children = (
				4FFCB9451E2BE0D8002FC357 /* Base */,
			);
			name = LaunchScreen.storyboard;
			sourceTree = "<group>";
		};
/* End PBXVariantGroup section */

/* Begin XCBuildConfiguration section */
		4FFCB9481E2BE0D8002FC357 /* Debug */ = {
			isa = XCBuildConfiguration;
			buildSettings = {
				ALWAYS_SEARCH_USER_PATHS = NO;
				CLANG_ANALYZER_NONNULL = YES;
				CLANG_CXX_LANGUAGE_STANDARD = "gnu++0x";
				CLANG_CXX_LIBRARY = "libc++";
				CLANG_ENABLE_MODULES = YES;
				CLANG_ENABLE_OBJC_ARC = YES;
				CLANG_WARN_BOOL_CONVERSION = YES;
				CLANG_WARN_CONSTANT_CONVERSION = YES;
				CLANG_WARN_DIRECT_OBJC_ISA_USAGE = YES_ERROR;
				CLANG_WARN_DOCUMENTATION_COMMENTS = YES;
				CLANG_WARN_EMPTY_BODY = YES;
				CLANG_WARN_ENUM_CONVERSION = YES;
				CLANG_WARN_INFINITE_RECURSION = YES;
				CLANG_WARN_INT_CONVERSION = YES;
				CLANG_WARN_OBJC_ROOT_CLASS = YES_ERROR;
				CLANG_WARN_SUSPICIOUS_MOVE = YES;
				CLANG_WARN_UNREACHABLE_CODE = YES;
				CLANG_WARN__DUPLICATE_METHOD_MATCH = YES;
				"CODE_SIGN_IDENTITY[sdk=iphoneos*]" = "iPhone Developer";
				COPY_PHASE_STRIP = NO;
				DEBUG_INFORMATION_FORMAT = dwarf;
				ENABLE_STRICT_OBJC_MSGSEND = YES;
				ENABLE_TESTABILITY = YES;
				GCC_C_LANGUAGE_STANDARD = gnu99;
				GCC_DYNAMIC_NO_PIC = NO;
				GCC_NO_COMMON_BLOCKS = YES;
				GCC_OPTIMIZATION_LEVEL = 0;
				GCC_PREPROCESSOR_DEFINITIONS = (
					"DEBUG=1",
					"$(inherited)",
				);
				GCC_WARN_64_TO_32_BIT_CONVERSION = YES;
				GCC_WARN_ABOUT_RETURN_TYPE = YES_ERROR;
				GCC_WARN_UNDECLARED_SELECTOR = YES;
				GCC_WARN_UNINITIALIZED_AUTOS = YES_AGGRESSIVE;
				GCC_WARN_UNUSED_FUNCTION = YES;
				GCC_WARN_UNUSED_VARIABLE = YES;
				IPHONEOS_DEPLOYMENT_TARGET = 10.2;
				MTL_ENABLE_DEBUG_INFO = YES;
				ONLY_ACTIVE_ARCH = YES;
				SDKROOT = iphoneos;
				SWIFT_ACTIVE_COMPILATION_CONDITIONS = DEBUG;
				SWIFT_OPTIMIZATION_LEVEL = "-Onone";
				TARGETED_DEVICE_FAMILY = "1,2";
			};
			name = Debug;
		};
		4FFCB9491E2BE0D8002FC357 /* Release */ = {
			isa = XCBuildConfiguration;
			buildSettings = {
				ALWAYS_SEARCH_USER_PATHS = NO;
				CLANG_ANALYZER_NONNULL = YES;
				CLANG_CXX_LANGUAGE_STANDARD = "gnu++0x";
				CLANG_CXX_LIBRARY = "libc++";
				CLANG_ENABLE_MODULES = YES;
				CLANG_ENABLE_OBJC_ARC = YES;
				CLANG_WARN_BOOL_CONVERSION = YES;
				CLANG_WARN_CONSTANT_CONVERSION = YES;
				CLANG_WARN_DIRECT_OBJC_ISA_USAGE = YES_ERROR;
				CLANG_WARN_DOCUMENTATION_COMMENTS = YES;
				CLANG_WARN_EMPTY_BODY = YES;
				CLANG_WARN_ENUM_CONVERSION = YES;
				CLANG_WARN_INFINITE_RECURSION = YES;
				CLANG_WARN_INT_CONVERSION = YES;
				CLANG_WARN_OBJC_ROOT_CLASS = YES_ERROR;
				CLANG_WARN_SUSPICIOUS_MOVE = YES;
				CLANG_WARN_UNREACHABLE_CODE = YES;
				CLANG_WARN__DUPLICATE_METHOD_MATCH = YES;
				"CODE_SIGN_IDENTITY[sdk=iphoneos*]" = "iPhone Developer";
				COPY_PHASE_STRIP = NO;
				DEBUG_INFORMATION_FORMAT = "dwarf-with-dsym";
				ENABLE_NS_ASSERTIONS = NO;
				ENABLE_STRICT_OBJC_MSGSEND = YES;
				GCC_C_LANGUAGE_STANDARD = gnu99;
				GCC_NO_COMMON_BLOCKS = YES;
				GCC_WARN_64_TO_32_BIT_CONVERSION = YES;
				GCC_WARN_ABOUT_RETURN_TYPE = YES_ERROR;
				GCC_WARN_UNDECLARED_SELECTOR = YES;
				GCC_WARN_UNINITIALIZED_AUTOS = YES_AGGRESSIVE;
				GCC_WARN_UNUSED_FUNCTION = YES;
				GCC_WARN_UNUSED_VARIABLE = YES;
				IPHONEOS_DEPLOYMENT_TARGET = 10.2;
				MTL_ENABLE_DEBUG_INFO = NO;
				SDKROOT = iphoneos;
				SWIFT_OPTIMIZATION_LEVEL = "-Owholemodule";
				TARGETED_DEVICE_FAMILY = "1,2";
				VALIDATE_PRODUCT = YES;
			};
			name = Release;
		};
		4FFCB94B1E2BE0D8002FC357 /* Debug */ = {
			isa = XCBuildConfiguration;
			baseConfigurationReference = 4349317E4EF233BD7FF0299C /* Pods-twitterLBTA.debug.xcconfig */;
			buildSettings = {
				ALWAYS_EMBED_SWIFT_STANDARD_LIBRARIES = YES;
				ASSETCATALOG_COMPILER_APPICON_NAME = AppIcon;
				DEVELOPMENT_TEAM = Y4YLH4W88M;
				INFOPLIST_FILE = twitterLBTA/Info.plist;
				LD_RUNPATH_SEARCH_PATHS = "$(inherited) @executable_path/Frameworks";
				PRODUCT_BUNDLE_IDENTIFIER = com.radiusense.twitterLBTA;
				PRODUCT_NAME = "$(TARGET_NAME)";
				SWIFT_VERSION = 3.0;
			};
			name = Debug;
		};
		4FFCB94C1E2BE0D8002FC357 /* Release */ = {
			isa = XCBuildConfiguration;
			baseConfigurationReference = 0A76351E25A7F0D0C6345D7B /* Pods-twitterLBTA.release.xcconfig */;
			buildSettings = {
				ALWAYS_EMBED_SWIFT_STANDARD_LIBRARIES = YES;
				ASSETCATALOG_COMPILER_APPICON_NAME = AppIcon;
				DEVELOPMENT_TEAM = Y4YLH4W88M;
				INFOPLIST_FILE = twitterLBTA/Info.plist;
				LD_RUNPATH_SEARCH_PATHS = "$(inherited) @executable_path/Frameworks";
				PRODUCT_BUNDLE_IDENTIFIER = com.radiusense.twitterLBTA;
				PRODUCT_NAME = "$(TARGET_NAME)";
				SWIFT_VERSION = 3.0;
			};
			name = Release;
		};
/* End XCBuildConfiguration section */

/* Begin XCConfigurationList section */
		4FFCB9331E2BE0D8002FC357 /* Build configuration list for PBXProject "twitterLBTA" */ = {
			isa = XCConfigurationList;
			buildConfigurations = (
				4FFCB9481E2BE0D8002FC357 /* Debug */,
				4FFCB9491E2BE0D8002FC357 /* Release */,
			);
			defaultConfigurationIsVisible = 0;
			defaultConfigurationName = Release;
		};
		4FFCB94A1E2BE0D8002FC357 /* Build configuration list for PBXNativeTarget "twitterLBTA" */ = {
			isa = XCConfigurationList;
			buildConfigurations = (
				4FFCB94B1E2BE0D8002FC357 /* Debug */,
				4FFCB94C1E2BE0D8002FC357 /* Release */,
			);
			defaultConfigurationIsVisible = 0;
			defaultConfigurationName = Release;
		};
/* End XCConfigurationList section */
	};
	rootObject = 4FFCB9301E2BE0D8002FC357 /* Project object */;
}
